{
    "_readme": [
        "This file locks the dependencies of your project to a known state",
        "Read more about it at https://getcomposer.org/doc/01-basic-usage.md#installing-dependencies",
        "This file is @generated automatically"
    ],
    "content-hash": "d9dd0faa1cab9ba6ff015d99a2da41da",
    "packages": [
        {
            "name": "wearerequired/wp-requirements-check",
            "version": "1.0.1",
            "source": {
                "type": "git",
                "url": "https://github.com/wearerequired/wp-requirements-check.git",
                "reference": "1ff6197d2427f46778fcdfd7211cf6c500e45b02"
            },
            "dist": {
                "type": "zip",
                "url": "https://api.github.com/repos/wearerequired/wp-requirements-check/zipball/1ff6197d2427f46778fcdfd7211cf6c500e45b02",
                "reference": "1ff6197d2427f46778fcdfd7211cf6c500e45b02",
                "shasum": ""
            },
            "type": "library",
            "autoload": {
                "classmap": [
                    "WP_Requirements_Check.php"
                ]
            },
            "notification-url": "https://packagist.org/downloads/",
            "license": [
                "GPL-2.0+"
            ],
            "authors": [
                {
                    "name": "Pascal Birchler",
                    "email": "pascal@required.ch",
                    "role": "Developer"
                },
                {
                    "name": "required",
                    "email": "support@required.ch",
                    "homepage": "https://required.com",
                    "role": "Company"
                },
                {
                    "name": "Ulrich Pogson",
                    "email": "ulrich@required.ch",
                    "role": "Developer"
                }
            ],
            "description": "Simple requirements checking class",
            "keywords": [
                "requirements",
                "wordpress"
            ],
            "time": "2017-10-23T09:14:03+00:00"
        }
    ],
    "packages-dev": [],
    "aliases": [],
    "minimum-stability": "stable",
    "stability-flags": [],
    "prefer-stable": false,
    "prefer-lowest": false,
    "platform": {
        "php": ">=5.3"
    },
    "platform-dev": []
}
