{
    "_readme": [
        "This file locks the dependencies of your project to a known state",
        "Read more about it at https://getcomposer.org/doc/01-basic-usage.md#installing-dependencies",
        "This file is @generated automatically"
    ],
    "content-hash": "685c00dfc67bd4b8b4023c95f634396c",
    "packages": [
        {
            "name": "wearerequired/wp-requirements-check",
            "version": "1.1.0",
            "source": {
                "type": "git",
                "url": "https://github.com/wearerequired/wp-requirements-check.git",
                "reference": "82b8a6c4b953f59e7e534df2d4287e34af950812"
            },
            "dist": {
                "type": "zip",
                "url": "https://api.github.com/repos/wearerequired/wp-requirements-check/zipball/82b8a6c4b953f59e7e534df2d4287e34af950812",
                "reference": "82b8a6c4b953f59e7e534df2d4287e34af950812",
                "shasum": ""
            },
            "type": "library",
            "autoload": {
                "classmap": [
                    "WP_Requirements_Check.php"
                ]
            },
            "license": [
                "GPL-2.0+"
            ],
            "authors": [
                {
                    "name": "required",
                    "email": "support@required.ch",
                    "homepage": "https://required.com",
                    "role": "Company"
                },
                {
                    "name": "Pascal Birchler",
                    "email": "pascal@required.ch",
                    "role": "Developer"
                },
                {
                    "name": "Ulrich Pogson",
                    "email": "ulrich@required.ch",
                    "role": "Developer"
                }
            ],
            "description": "Simple requirements checking class",
            "keywords": [
                "requirements",
                "wordpress"
            ],
            "support": {
                "source": "https://github.com/wearerequired/wp-requirements-check/tree/1.1.0",
                "issues": "https://github.com/wearerequired/wp-requirements-check/issues"
            },
            "time": "2019-03-11T11:11:33+00:00"
        }
    ],
    "packages-dev": [],
    "aliases": [],
    "minimum-stability": "stable",
    "stability-flags": [],
    "prefer-stable": false,
    "prefer-lowest": false,
    "platform": {
        "php": ">=5.4"
    },
    "platform-dev": []
}
